
Microsoft Visual Studio Solution File, Format Version 12.00
# Visual Studio 15
VisualStudioVersion = 15.0.28307.1401
MinimumVisualStudioVersion = 10.0.40219.1
Project("{FAE04EC0-301F-11D3-BF4B-00C04F79EFBC}") = "MESTools", "WindowsFormsApp1\MESTools.csproj", "{DA766342-1743-453C-9772-371086626A4A}"
EndProject
Global
	GlobalSection(SolutionConfigurationPlatforms) = preSolution
		Debug|Any CPU = Debug|Any CPU
		Release|Any CPU = Release|Any CPU
	EndGlobalSection
	GlobalSection(ProjectConfigurationPlatforms) = postSolution
		{DA766342-1743-453C-9772-371086626A4A}.Debug|Any CPU.ActiveCfg = Debug|Any CPU
		{DA766342-1743-453C-9772-371086626A4A}.Debug|Any CPU.Build.0 = Debug|Any CPU
		{DA766342-1743-453C-9772-371086626A4A}.Release|Any CPU.ActiveCfg = Release|Any CPU
		{DA766342-1743-453C-9772-371086626A4A}.Release|Any CPU.Build.0 = Release|Any CPU
	EndGlobalSection
	GlobalSection(SolutionProperties) = preSolution
		HideSolutionNode = FALSE
	EndGlobalSection
	GlobalSection(ExtensibilityGlobals) = postSolution
		SolutionGuid = {886667E9-F540-4BD0-8459-20755188076B}
	EndGlobalSection
EndGlobal
